
Microsoft Visual Studio Solution File, Format Version 12.00
# Visual Studio Version 17
VisualStudioVersion = 17.12.35521.163 d17.12
MinimumVisualStudioVersion = 10.0.40219.1
Project("{FAE04EC0-301F-11D3-BF4B-00C04F79EFBC}") = "FileConverter", "FileConverter\FileConverter.csproj", "{7F49CE39-1AF7-48CB-89AC-A52699E9AE88}"
EndProject
Global
	GlobalSection(SolutionConfigurationPlatforms) = preSolution
		Debug|Any CPU = Debug|Any CPU
		Release|Any CPU = Release|Any CPU
	EndGlobalSection
	GlobalSection(ProjectConfigurationPlatforms) = postSolution
		{7F49CE39-1AF7-48CB-89AC-A52699E9AE88}.Debug|Any CPU.ActiveCfg = Debug|Any CPU
		{7F49CE39-1AF7-48CB-89AC-A52699E9AE88}.Debug|Any CPU.Build.0 = Debug|Any CPU
		{7F49CE39-1AF7-48CB-89AC-A52699E9AE88}.Release|Any CPU.ActiveCfg = Debug|Any CPU
		{7F49CE39-1AF7-48CB-89AC-A52699E9AE88}.Release|Any CPU.Build.0 = Debug|Any CPU
	EndGlobalSection
	GlobalSection(SolutionProperties) = preSolution
		HideSolutionNode = FALSE
	EndGlobalSection
EndGlobal
